
Microsoft Visual Studio Solution File, Format Version 12.00
# Visual Studio Version 17
VisualStudioVersion = 17.8.34316.72
MinimumVisualStudioVersion = 10.0.40219.1
Project("{FAE04EC0-301F-11D3-BF4B-00C04F79EFBC}") = "CodingTracker", "CodingTracker.csproj", "{4EA84BD0-36CF-46C0-96CC-C71198931E5E}"
EndProject
Global
	GlobalSection(SolutionConfigurationPlatforms) = preSolution
		Debug|Any CPU = Debug|Any CPU
		Release|Any CPU = Release|Any CPU
	EndGlobalSection
	GlobalSection(ProjectConfigurationPlatforms) = postSolution
		{4EA84BD0-36CF-46C0-96CC-C71198931E5E}.Debug|Any CPU.ActiveCfg = Debug|Any CPU
		{4EA84BD0-36CF-46C0-96CC-C71198931E5E}.Debug|Any CPU.Build.0 = Debug|Any CPU
		{4EA84BD0-36CF-46C0-96CC-C71198931E5E}.Release|Any CPU.ActiveCfg = Release|Any CPU
		{4EA84BD0-36CF-46C0-96CC-C71198931E5E}.Release|Any CPU.Build.0 = Release|Any CPU
	EndGlobalSection
	GlobalSection(SolutionProperties) = preSolution
		HideSolutionNode = FALSE
	EndGlobalSection
	GlobalSection(ExtensibilityGlobals) = postSolution
		SolutionGuid = {211DE871-3AB7-4DBE-BB62-12AE0F49E7C9}
	EndGlobalSection
EndGlobal
